
Microsoft Visual Studio Solution File, Format Version 12.00
# Visual Studio Version 17
VisualStudioVersion = 17.14.36511.14 d17.14
MinimumVisualStudioVersion = 10.0.40219.1
Project("{FAE04EC0-301F-11D3-BF4B-00C04F79EFBC}") = "WebApplication2_Resume", "WebApplication2_Resume\WebApplication2_Resume.csproj", "{90A52C3D-C0F7-416A-B63C-0BFA67180A24}"
EndProject
Global
	GlobalSection(SolutionConfigurationPlatforms) = preSolution
		Debug|Any CPU = Debug|Any CPU
		Release|Any CPU = Release|Any CPU
	EndGlobalSection
	GlobalSection(ProjectConfigurationPlatforms) = postSolution
		{90A52C3D-C0F7-416A-B63C-0BFA67180A24}.Debug|Any CPU.ActiveCfg = Debug|Any CPU
		{90A52C3D-C0F7-416A-B63C-0BFA67180A24}.Debug|Any CPU.Build.0 = Debug|Any CPU
		{90A52C3D-C0F7-416A-B63C-0BFA67180A24}.Release|Any CPU.ActiveCfg = Release|Any CPU
		{90A52C3D-C0F7-416A-B63C-0BFA67180A24}.Release|Any CPU.Build.0 = Release|Any CPU
	EndGlobalSection
	GlobalSection(SolutionProperties) = preSolution
		HideSolutionNode = FALSE
	EndGlobalSection
	GlobalSection(ExtensibilityGlobals) = postSolution
		SolutionGuid = {B1FAB09D-A75A-4870-8261-4E21B721E428}
	EndGlobalSection
EndGlobal
